dependencies:
- name: helm-product
  repository: oci://ghcr.io/onecx/charts
  version: 0.4.0
- name: onecx-test-operator
  repository: oci://ghcr.io/onecx/charts
  version: 1.15.0-rc.4
- name: onecx-test-oidc
  repository: oci://ghcr.io/onecx/charts
  version: 1.8.0-rc.5
digest: sha256:0d7b8ba560918fc754de6e6e7a10d518fcfe78ea917d0ed512fbb152ae76abdc
generated: "2026-06-09T02:02:29.520826412Z"
