dependencies:
- name: helm-product
  repository: oci://ghcr.io/onecx/charts
  version: 0.4.0
- name: onecx-test-operator
  repository: oci://ghcr.io/onecx/charts
  version: 1.11.0
- name: onecx-test-oidc
  repository: oci://ghcr.io/onecx/charts
  version: 1.5.0-rc.1
digest: sha256:d289732d21693e4d521579d3fc24a8ea9ad91cfc9728cc11255482c59d0fab97
generated: "2026-01-29T02:02:49.54422671Z"
